
Microsoft Visual Studio Solution File, Format Version 12.00
# Visual Studio Version 16
VisualStudioVersion = 16.0.29424.173
MinimumVisualStudioVersion = 10.0.40219.1
Project("{FAE04EC0-301F-11D3-BF4B-00C04F79EFBC}") = "OzIMDBOz", "OzIMDBOz\OzIMDBOz.csproj", "{47B539BE-9420-4B4B-AF47-FDD21F98935A}"
EndProject
Global
	GlobalSection(SolutionConfigurationPlatforms) = preSolution
		Debug|Any CPU = Debug|Any CPU
		Release|Any CPU = Release|Any CPU
	EndGlobalSection
	GlobalSection(ProjectConfigurationPlatforms) = postSolution
		{47B539BE-9420-4B4B-AF47-FDD21F98935A}.Debug|Any CPU.ActiveCfg = Debug|Any CPU
		{47B539BE-9420-4B4B-AF47-FDD21F98935A}.Debug|Any CPU.Build.0 = Debug|Any CPU
		{47B539BE-9420-4B4B-AF47-FDD21F98935A}.Release|Any CPU.ActiveCfg = Release|Any CPU
		{47B539BE-9420-4B4B-AF47-FDD21F98935A}.Release|Any CPU.Build.0 = Release|Any CPU
	EndGlobalSection
	GlobalSection(SolutionProperties) = preSolution
		HideSolutionNode = FALSE
	EndGlobalSection
	GlobalSection(ExtensibilityGlobals) = postSolution
		SolutionGuid = {4B8194CA-A380-4E32-AE4E-F01A1B4551B4}
	EndGlobalSection
EndGlobal
